<?xml version="1.0" encoding="utf-8"?>
<Project ToolsVersion="4.0" xmlns="http://schemas.microsoft.com/developer/msbuild/2003">
  <ItemGroup>
    <Filter Include="Исходные файлы">
      <UniqueIdentifier>{4FC737F1-C7A5-4376-A066-2A32D752A2FF}</UniqueIdentifier>
      <Extensions>cpp;c;cc;cxx;c++;cppm;ixx;def;odl;idl;hpj;bat;asm;asmx</Extensions>
    </Filter>
    <Filter Include="Файлы ресурсов">
      <UniqueIdentifier>{67DA6AB6-F800-4c08-8B7A-83BB121AAD01}</UniqueIdentifier>
      <Extensions>rc;ico;cur;bmp;dlg;rc2;rct;bin;rgs;gif;jpg;jpeg;jpe;resx;tiff;tif;png;wav;mfcribbon-ms</Extensions>
    </Filter>
    <Filter Include="Исходные файлы\ImGUI">
      <UniqueIdentifier>{0067d927-be02-410d-9a42-7d58f5583508}</UniqueIdentifier>
    </Filter>
    <Filter Include="Исходные файлы\GLAD">
      <UniqueIdentifier>{3d599df9-3a49-403a-ad28-2b9a13fa5f5c}</UniqueIdentifier>
    </Filter>
    <Filter Include="Исходные файлы\ImGUIFileDialog">
      <UniqueIdentifier>{981dcac1-a9d0-47fe-b631-18714ca3df6c}</UniqueIdentifier>
    </Filter>
    <Filter Include="Исходные файлы\tiny-proccess-library">
      <UniqueIdentifier>{bba0812e-0c84-49d1-a57e-f6832ee12063}</UniqueIdentifier>
    </Filter>
    <Filter Include="Исходные файлы\ImGuizmo">
      <UniqueIdentifier>{279e1d0b-1dca-472f-8f8d-f952e001a19e}</UniqueIdentifier>
    </Filter>
    <Filter Include="Исходные файлы\shaders">
      <UniqueIdentifier>{b0d749ae-a0f5-4083-9653-8f3311bd93b0}</UniqueIdentifier>
    </Filter>
    <Filter Include="Исходные файлы\Popups">
      <UniqueIdentifier>{79dfe3a4-2732-4f60-b6c1-af22b80a52a5}</UniqueIdentifier>
    </Filter>
    <Filter Include="GLSL">
      <UniqueIdentifier>{288ce0c2-4e94-4921-afee-8da5274c1636}</UniqueIdentifier>
    </Filter>
    <Filter Include="Исходные файлы\WavefrontObj">
      <UniqueIdentifier>{375b8f93-c1ae-4576-8c9a-b2d9ee5dec6e}</UniqueIdentifier>
    </Filter>
    <Filter Include="Исходные файлы\Scene">
      <UniqueIdentifier>{adcc5464-c1fc-4357-a8d2-dc3ffc6c89ef}</UniqueIdentifier>
    </Filter>
    <Filter Include="Исходные файлы\WavefrontObj\IO">
      <UniqueIdentifier>{14427135-416a-4dd3-88e9-af01597b2b1a}</UniqueIdentifier>
    </Filter>
    <Filter Include="Исходные файлы\WavefrontObj\Atlas">
      <UniqueIdentifier>{c254fc0f-9ddd-4897-99e4-27e9b72b87fd}</UniqueIdentifier>
    </Filter>
    <Filter Include="Исходные файлы\stb">
      <UniqueIdentifier>{225d6ba6-5bfd-444d-b804-ca55e793d349}</UniqueIdentifier>
    </Filter>
    <Filter Include="Исходные файлы\Scene\Entities">
      <UniqueIdentifier>{f19757ef-ab38-416a-a94c-ae355c189c1d}</UniqueIdentifier>
    </Filter>
    <Filter Include="Исходные файлы\GoldSource">
      <UniqueIdentifier>{413183a5-2846-4863-88f0-7adb8e143a39}</UniqueIdentifier>
    </Filter>
    <Filter Include="Исходные файлы\GoldSource\FGD">
      <UniqueIdentifier>{4471a94a-3365-4eb0-9c59-43477b1f5414}</UniqueIdentifier>
    </Filter>
    <Filter Include="Исходные файлы\GoldSource\BSP">
      <UniqueIdentifier>{9823dc40-24f5-4ea0-9318-ab0c8ff65846}</UniqueIdentifier>
    </Filter>
    <Filter Include="Исходные файлы\Editor">
      <UniqueIdentifier>{570afb04-f59b-40ac-bb8b-59482267f6c6}</UniqueIdentifier>
    </Filter>
    <Filter Include="Исходные файлы\PersistentParameters">
      <UniqueIdentifier>{fcdd47aa-f3fd-4a5a-8922-2838ebdc544d}</UniqueIdentifier>
    </Filter>
  </ItemGroup>
  <ItemGroup>
    <ClCompile Include="win_main.cpp">
      <Filter>Исходные файлы</Filter>
    </ClCompile>
    <ClCompile Include="..\include\imgui\imgui.cpp">
      <Filter>Исходные файлы\ImGUI</Filter>
    </ClCompile>
    <ClCompile Include="..\include\imgui\imgui_draw.cpp">
      <Filter>Исходные файлы\ImGUI</Filter>
    </ClCompile>
    <ClCompile Include="..\include\imgui\imgui_tables.cpp">
      <Filter>Исходные файлы\ImGUI</Filter>
    </ClCompile>
    <ClCompile Include="..\include\imgui\imgui_widgets.cpp">
      <Filter>Исходные файлы\ImGUI</Filter>
    </ClCompile>
    <ClCompile Include="..\include\imgui\backends\imgui_impl_opengl3.cpp">
      <Filter>Исходные файлы\ImGUI</Filter>
    </ClCompile>
    <ClCompile Include="..\lib\glad\glad.c">
      <Filter>Исходные файлы\GLAD</Filter>
    </ClCompile>
    <ClCompile Include="application.cpp">
      <Filter>Исходные файлы</Filter>
    </ClCompile>
    <ClCompile Include="main_window.cpp">
      <Filter>Исходные файлы</Filter>
    </ClCompile>
    <ClCompile Include="commands_registry.cpp">
      <Filter>Исходные файлы</Filter>
    </ClCompile>
    <ClCompile Include="file_system.cpp">
      <Filter>Исходные файлы</Filter>
    </ClCompile>
    <ClCompile Include="camera.cpp">
      <Filter>Исходные файлы</Filter>
    </ClCompile>
    <ClCompile Include="gl_texture.cpp">
      <Filter>Исходные файлы</Filter>
    </ClCompile>
    <ClCompile Include="..\include\ImGuiFileDialog\ImGuiFileDialog.cpp">
      <Filter>Исходные файлы\ImGUIFileDialog</Filter>
    </ClCompile>
    <ClCompile Include="common_resources.cpp">
      <Filter>Исходные файлы</Filter>
    </ClCompile>
    <ClCompile Include="console.cpp">
      <Filter>Исходные файлы</Filter>
    </ClCompile>
    <ClCompile Include="..\include\tiny-process-library\process_win.cpp">
      <Filter>Исходные файлы\tiny-proccess-library</Filter>
    </ClCompile>
    <ClCompile Include="..\include\tiny-process-library\process.cpp">
      <Filter>Исходные файлы\tiny-proccess-library</Filter>
    </ClCompile>
    <ClCompile Include="lb3k_wrapper.cpp">
      <Filter>Исходные файлы</Filter>
    </ClCompile>
    <ClCompile Include="selection_3d.cpp">
      <Filter>Исходные файлы</Filter>
    </ClCompile>
    <ClCompile Include="gl_backend.cpp">
      <Filter>Исходные файлы</Filter>
    </ClCompile>
    <ClCompile Include="draw_utils.cpp">
      <Filter>Исходные файлы</Filter>
    </ClCompile>
    <ClCompile Include="..\include\ImGuizmo\ImGuizmo.cpp">
      <Filter>Исходные файлы\ImGuizmo</Filter>
    </ClCompile>
    <ClCompile Include="custom_font.cpp">
      <Filter>Исходные файлы</Filter>
    </ClCompile>
    <ClCompile Include="igui_panel.cpp">
      <Filter>Исходные файлы</Filter>
    </ClCompile>
    <ClCompile Include="console_output_panel.cpp">
      <Filter>Исходные файлы</Filter>
    </ClCompile>
    <ClCompile Include="debug_panel.cpp">
      <Filter>Исходные файлы</Filter>
    </ClCompile>
    <ClCompile Include="..\include\imgui\imgui_demo.cpp">
      <Filter>Исходные файлы\ImGUI</Filter>
    </ClCompile>
    <ClCompile Include="text_utils.cpp">
      <Filter>Исходные файлы</Filter>
    </ClCompile>
    <ClCompile Include="helper_geometry_shader.cpp">
      <Filter>Исходные файлы\shaders</Filter>
    </ClCompile>
    <ClCompile Include="lightmapped_scene_shader.cpp">
      <Filter>Исходные файлы\shaders</Filter>
    </ClCompile>
    <ClCompile Include="scene_shader.cpp">
      <Filter>Исходные файлы\shaders</Filter>
    </ClCompile>
    <ClCompile Include="imgui_popups.h">
      <Filter>Исходные файлы\Popups</Filter>
    </ClCompile>
    <ClCompile Include="imgui_popups.cpp">
      <Filter>Исходные файлы\Popups</Filter>
    </ClCompile>
    <ClCompile Include="popup_loadfile_dialog.cpp">
      <Filter>Исходные файлы\Popups</Filter>
    </ClCompile>
    <ClCompile Include="popup_lb3k_config.cpp">
      <Filter>Исходные файлы\Popups</Filter>
    </ClCompile>
    <ClCompile Include="popup_scene_scale.cpp">
      <Filter>Исходные файлы\Popups</Filter>
    </ClCompile>
    <ClCompile Include="geometry_selection_shader.cpp">
      <Filter>Исходные файлы\shaders</Filter>
    </ClCompile>
    <ClCompile Include="spotlight_cone_shader.cpp">
      <Filter>Исходные файлы\shaders</Filter>
    </ClCompile>
    <ClCompile Include="mtl_library.cpp">
      <Filter>Исходные файлы\WavefrontObj</Filter>
    </ClCompile>
    <ClCompile Include="model_obj.cpp">
      <Filter>Исходные файлы\WavefrontObj</Filter>
    </ClCompile>
    <ClCompile Include="loader_thread.cpp">
      <Filter>Исходные файлы</Filter>
    </ClCompile>
    <ClCompile Include="scene_renderer.cpp">
      <Filter>Исходные файлы\Scene</Filter>
    </ClCompile>
    <ClCompile Include="scene_objects_panel.cpp">
      <Filter>Исходные файлы\Scene</Filter>
    </ClCompile>
    <ClCompile Include="scene.cpp">
      <Filter>Исходные файлы\Scene</Filter>
    </ClCompile>
    <ClCompile Include="mod_obj_asynch_exporter.cpp">
      <Filter>Исходные файлы\WavefrontObj\IO</Filter>
    </ClCompile>
    <ClCompile Include="mod_obj_asynch_loader.cpp">
      <Filter>Исходные файлы\WavefrontObj\IO</Filter>
    </ClCompile>
    <ClCompile Include="..\include\xatlas\source\xatlas\xatlas.cpp">
      <Filter>Исходные файлы\WavefrontObj\Atlas</Filter>
    </ClCompile>
    <ClCompile Include="mod_obj_atlas_gen.cpp">
      <Filter>Исходные файлы\WavefrontObj\Atlas</Filter>
    </ClCompile>
    <ClCompile Include="stblibs_impl.cpp">
      <Filter>Исходные файлы\stb</Filter>
    </ClCompile>
    <ClCompile Include="..\include\imgui\backends\imgui_impl_sdl2.cpp">
      <Filter>Исходные файлы\ImGUI</Filter>
    </ClCompile>
    <ClCompile Include="object_props.cpp">
      <Filter>Исходные файлы</Filter>
    </ClCompile>
    <ClCompile Include="scene_entity.cpp">
      <Filter>Исходные файлы\Scene\Entities</Filter>
    </ClCompile>
    <ClCompile Include="lights.cpp">
      <Filter>Исходные файлы\Scene\Entities</Filter>
    </ClCompile>
    <ClCompile Include="worldspawn.cpp">
      <Filter>Исходные файлы\Scene\Entities</Filter>
    </ClCompile>
    <ClCompile Include="ui_styles_manager.cpp">
      <Filter>Исходные файлы</Filter>
    </ClCompile>
    <ClCompile Include="byteorder.cpp">
      <Filter>Исходные файлы</Filter>
    </ClCompile>
    <ClCompile Include="wad_textures.cpp">
      <Filter>Исходные файлы\GoldSource</Filter>
    </ClCompile>
    <ClCompile Include="goldsource_lightmap_atlas.cpp">
      <Filter>Исходные файлы\GoldSource</Filter>
    </ClCompile>
    <ClCompile Include="hammer_fgd.cpp">
      <Filter>Исходные файлы\GoldSource\FGD</Filter>
    </ClCompile>
    <ClCompile Include="hammer_fgd\hammer_fgd.bison.cpp">
      <Filter>Исходные файлы\GoldSource\FGD</Filter>
    </ClCompile>
    <ClCompile Include="game_configuration.cpp">
      <Filter>Исходные файлы</Filter>
    </ClCompile>
    <ClCompile Include="goldsource_bsp_entity.cpp">
      <Filter>Исходные файлы\GoldSource\BSP</Filter>
    </ClCompile>
    <ClCompile Include="goldsource_bsp_renderer.cpp">
      <Filter>Исходные файлы\GoldSource\BSP</Filter>
    </ClCompile>
    <ClCompile Include="goldsource_bsp_world.cpp">
      <Filter>Исходные файлы\GoldSource\BSP</Filter>
    </ClCompile>
    <ClCompile Include="goldsource_game_configuration.cpp">
      <Filter>Исходные файлы\GoldSource</Filter>
    </ClCompile>
    <ClCompile Include="popup_edit_gameconfiguration.cpp">
      <Filter>Исходные файлы\Popups</Filter>
    </ClCompile>
    <ClCompile Include="..\include\imgui\misc\cpp\imgui_stdlib.cpp">
      <Filter>Исходные файлы\ImGUI</Filter>
    </ClCompile>
    <ClCompile Include="edit_history.cpp">
      <Filter>Исходные файлы\Editor</Filter>
    </ClCompile>
    <ClCompile Include="properties_editor.cpp">
      <Filter>Исходные файлы\Editor</Filter>
    </ClCompile>
    <ClCompile Include="grid_renderer.cpp">
      <Filter>Исходные файлы\Editor</Filter>
    </ClCompile>
    <ClCompile Include="editor_grid_shader.cpp">
      <Filter>Исходные файлы\shaders</Filter>
    </ClCompile>
    <ClCompile Include="popup_options_window.cpp">
      <Filter>Исходные файлы\PersistentParameters</Filter>
    </ClCompile>
    <ClCompile Include="ui_options_pages.cpp">
      <Filter>Исходные файлы\PersistentParameters</Filter>
    </ClCompile>
    <ClCompile Include="persistent.cpp">
      <Filter>Исходные файлы\PersistentParameters</Filter>
    </ClCompile>
  </ItemGroup>
  <ItemGroup>
    <ClInclude Include="common.h">
      <Filter>Исходные файлы</Filter>
    </ClInclude>
    <ClInclude Include="..\include\imgui\imconfig.h">
      <Filter>Исходные файлы\ImGUI</Filter>
    </ClInclude>
    <ClInclude Include="..\include\imgui\imgui.h">
      <Filter>Исходные файлы\ImGUI</Filter>
    </ClInclude>
    <ClInclude Include="..\include\imgui\imgui_internal.h">
      <Filter>Исходные файлы\ImGUI</Filter>
    </ClInclude>
    <ClInclude Include="..\include\imgui\imstb_rectpack.h">
      <Filter>Исходные файлы\ImGUI</Filter>
    </ClInclude>
    <ClInclude Include="..\include\imgui\imstb_textedit.h">
      <Filter>Исходные файлы\ImGUI</Filter>
    </ClInclude>
    <ClInclude Include="..\include\imgui\imstb_truetype.h">
      <Filter>Исходные файлы\ImGUI</Filter>
    </ClInclude>
    <ClInclude Include="ui_common.h">
      <Filter>Исходные файлы</Filter>
    </ClInclude>
    <ClInclude Include="..\lib\glad\glad.h">
      <Filter>Исходные файлы\GLAD</Filter>
    </ClInclude>
    <ClInclude Include="application.h">
      <Filter>Исходные файлы</Filter>
    </ClInclude>
    <ClInclude Include="main_window.h">
      <Filter>Исходные файлы</Filter>
    </ClInclude>
    <ClInclude Include="commands_registry.h">
      <Filter>Исходные файлы</Filter>
    </ClInclude>
    <ClInclude Include="file_system.h">
      <Filter>Исходные файлы</Filter>
    </ClInclude>
    <ClInclude Include="camera.h">
      <Filter>Исходные файлы</Filter>
    </ClInclude>
    <ClInclude Include="event_handler.h">
      <Filter>Исходные файлы</Filter>
    </ClInclude>
    <ClInclude Include="gl_texture.h">
      <Filter>Исходные файлы</Filter>
    </ClInclude>
    <ClInclude Include="..\include\ImGuiFileDialog\ImGuiFileDialogConfig.h">
      <Filter>Исходные файлы\ImGUIFileDialog</Filter>
    </ClInclude>
    <ClInclude Include="..\include\ImGuiFileDialog\ImGuiFileDialog.h">
      <Filter>Исходные файлы\ImGUIFileDialog</Filter>
    </ClInclude>
    <ClInclude Include="common_resources.h">
      <Filter>Исходные файлы</Filter>
    </ClInclude>
    <ClInclude Include="console.h">
      <Filter>Исходные файлы</Filter>
    </ClInclude>
    <ClInclude Include="..\include\tiny-process-library\process.hpp">
      <Filter>Исходные файлы\tiny-proccess-library</Filter>
    </ClInclude>
    <ClInclude Include="lb3k_wrapper.h">
      <Filter>Исходные файлы</Filter>
    </ClInclude>
    <ClInclude Include="resource.h">
      <Filter>Исходные файлы</Filter>
    </ClInclude>
    <ClInclude Include="object_props.h">
      <Filter>Исходные файлы</Filter>
    </ClInclude>
    <ClInclude Include="selection_3d.h">
      <Filter>Исходные файлы</Filter>
    </ClInclude>
    <ClInclude Include="gl_backend.h">
      <Filter>Исходные файлы</Filter>
    </ClInclude>
    <ClInclude Include="draw_utils.h">
      <Filter>Исходные файлы</Filter>
    </ClInclude>
    <ClInclude Include="..\include\ImGuizmo\ImGuizmo.h">
      <Filter>Исходные файлы\ImGuizmo</Filter>
    </ClInclude>
    <ClInclude Include="enum_iterator.h">
      <Filter>Исходные файлы</Filter>
    </ClInclude>
    <ClInclude Include="..\include\better-enums\enum.h">
      <Filter>Исходные файлы</Filter>
    </ClInclude>
    <ClInclude Include="imgui_helpers.h">
      <Filter>Исходные файлы</Filter>
    </ClInclude>
    <ClInclude Include="custom_font.h">
      <Filter>Исходные файлы</Filter>
    </ClInclude>
    <ClInclude Include="igui_panel.h">
      <Filter>Исходные файлы</Filter>
    </ClInclude>
    <ClInclude Include="console_output_panel.h">
      <Filter>Исходные файлы</Filter>
    </ClInclude>
    <ClInclude Include="debug_panel.h">
      <Filter>Исходные файлы</Filter>
    </ClInclude>
    <ClInclude Include="text_utils.h">
      <Filter>Исходные файлы</Filter>
    </ClInclude>
    <ClInclude Include="helper_geometry_shader.h">
      <Filter>Исходные файлы\shaders</Filter>
    </ClInclude>
    <ClInclude Include="lightmapped_scene_shader.h">
      <Filter>Исходные файлы\shaders</Filter>
    </ClInclude>
    <ClInclude Include="scene_shader.h">
      <Filter>Исходные файлы\shaders</Filter>
    </ClInclude>
    <ClInclude Include="popup_loadfile_dialog.h">
      <Filter>Исходные файлы\Popups</Filter>
    </ClInclude>
    <ClInclude Include="popup_lb3k_config.h">
      <Filter>Исходные файлы\Popups</Filter>
    </ClInclude>
    <ClInclude Include="popup_scene_scale.h">
      <Filter>Исходные файлы\Popups</Filter>
    </ClInclude>
    <ClInclude Include="geometry_selection_shader.h">
      <Filter>Исходные файлы\shaders</Filter>
    </ClInclude>
    <ClInclude Include="spotlight_cone_shader.h">
      <Filter>Исходные файлы\shaders</Filter>
    </ClInclude>
    <ClInclude Include="mtl_library.h">
      <Filter>Исходные файлы\WavefrontObj</Filter>
    </ClInclude>
    <ClInclude Include="model_obj.h">
      <Filter>Исходные файлы\WavefrontObj</Filter>
    </ClInclude>
    <ClInclude Include="serial_counter.h">
      <Filter>Исходные файлы</Filter>
    </ClInclude>
    <ClInclude Include="scene_renderer.h">
      <Filter>Исходные файлы\Scene</Filter>
    </ClInclude>
    <ClInclude Include="scene_objects_panel.h">
      <Filter>Исходные файлы\Scene</Filter>
    </ClInclude>
    <ClInclude Include="scene.h">
      <Filter>Исходные файлы\Scene</Filter>
    </ClInclude>
    <ClInclude Include="mod_obj_data.h">
      <Filter>Исходные файлы\WavefrontObj\IO</Filter>
    </ClInclude>
    <ClInclude Include="mod_obj_asynch_exporter.h">
      <Filter>Исходные файлы\WavefrontObj\IO</Filter>
    </ClInclude>
    <ClInclude Include="mod_obj_asynch_loader.h">
      <Filter>Исходные файлы\WavefrontObj\IO</Filter>
    </ClInclude>
    <ClInclude Include="mod_obj_atlas_gen.h">
      <Filter>Исходные файлы\WavefrontObj\Atlas</Filter>
    </ClInclude>
    <ClInclude Include="loader_thread.h">
      <Filter>Исходные файлы</Filter>
    </ClInclude>
    <ClInclude Include="shader_program.h">
      <Filter>Исходные файлы\shaders</Filter>
    </ClInclude>
    <ClInclude Include="scene_entity.h">
      <Filter>Исходные файлы\Scene\Entities</Filter>
    </ClInclude>
    <ClInclude Include="lights.h">
      <Filter>Исходные файлы\Scene\Entities</Filter>
    </ClInclude>
    <ClInclude Include="worldspawn.h">
      <Filter>Исходные файлы\Scene\Entities</Filter>
    </ClInclude>
    <ClInclude Include="ui_styles_manager.h">
      <Filter>Исходные файлы</Filter>
    </ClInclude>
    <ClInclude Include="byteorder.h">
      <Filter>Исходные файлы</Filter>
    </ClInclude>
    <ClInclude Include="wad_textures.h">
      <Filter>Исходные файлы\GoldSource</Filter>
    </ClInclude>
    <ClInclude Include="goldsource_lightmap_atlas.h">
      <Filter>Исходные файлы\GoldSource</Filter>
    </ClInclude>
    <ClInclude Include="hammer_fgd.h">
      <Filter>Исходные файлы\GoldSource\FGD</Filter>
    </ClInclude>
    <ClInclude Include="game_configuration.h">
      <Filter>Исходные файлы</Filter>
    </ClInclude>
    <ClInclude Include="goldsource_bsp_disk_structs.h">
      <Filter>Исходные файлы\GoldSource\BSP</Filter>
    </ClInclude>
    <ClInclude Include="goldsource_bsp_entity.h">
      <Filter>Исходные файлы\GoldSource\BSP</Filter>
    </ClInclude>
    <ClInclude Include="goldsource_bsp_mem_structs.h">
      <Filter>Исходные файлы\GoldSource\BSP</Filter>
    </ClInclude>
    <ClInclude Include="goldsource_bsp_renderer.h">
      <Filter>Исходные файлы\GoldSource\BSP</Filter>
    </ClInclude>
    <ClInclude Include="goldsource_bsp_world.h">
      <Filter>Исходные файлы\GoldSource\BSP</Filter>
    </ClInclude>
    <ClInclude Include="goldsource_game_configuration.h">
      <Filter>Исходные файлы\GoldSource</Filter>
    </ClInclude>
    <ClInclude Include="popup_edit_gameconfiguration.h">
      <Filter>Исходные файлы\Popups</Filter>
    </ClInclude>
    <ClInclude Include="helpers.h">
      <Filter>Исходные файлы</Filter>
    </ClInclude>
    <ClInclude Include="edit_history.h">
      <Filter>Исходные файлы\Editor</Filter>
    </ClInclude>
    <ClInclude Include="properties_editor.h">
      <Filter>Исходные файлы\Editor</Filter>
    </ClInclude>
    <ClInclude Include="grid_renderer.h">
      <Filter>Исходные файлы\Editor</Filter>
    </ClInclude>
    <ClInclude Include="editor_grid_shader.h">
      <Filter>Исходные файлы\shaders</Filter>
    </ClInclude>
    <ClInclude Include="popup_options_window.h">
      <Filter>Исходные файлы\PersistentParameters</Filter>
    </ClInclude>
    <ClInclude Include="ui_options_pages.h">
      <Filter>Исходные файлы\PersistentParameters</Filter>
    </ClInclude>
    <ClInclude Include="persistent.h">
      <Filter>Исходные файлы\PersistentParameters</Filter>
    </ClInclude>
  </ItemGroup>
  <ItemGroup>
    <ResourceCompile Include="LightBakerFrontend.rc">
      <Filter>Файлы ресурсов</Filter>
    </ResourceCompile>
  </ItemGroup>
  <ItemGroup>
    <None Include="..\bin\res\glprogs\helper_geometry.frag">
      <Filter>GLSL</Filter>
    </None>
    <None Include="..\bin\res\glprogs\helper_geometry.vert">
      <Filter>GLSL</Filter>
    </None>
    <None Include="..\bin\res\glprogs\object_selection.frag">
      <Filter>GLSL</Filter>
    </None>
    <None Include="..\bin\res\glprogs\object_selection.vert">
      <Filter>GLSL</Filter>
    </None>
    <None Include="..\bin\res\glprogs\scene_ligtmapped.frag">
      <Filter>GLSL</Filter>
    </None>
    <None Include="..\bin\res\glprogs\scene.vert">
      <Filter>GLSL</Filter>
    </None>
    <None Include="..\bin\res\glprogs\spotlight_cone.frag">
      <Filter>GLSL</Filter>
    </None>
    <None Include="..\bin\res\glprogs\spotlight_cone.vert">
      <Filter>GLSL</Filter>
    </None>
    <None Include="..\bin\res\glprogs\scene_diffuse.frag">
      <Filter>GLSL</Filter>
    </None>
    <None Include="..\bin\res\glprogs\scene_groupshaded.frag">
      <Filter>GLSL</Filter>
    </None>
    <None Include="hammer_fgd\hammer_fgd.y">
      <Filter>Исходные файлы\GoldSource\FGD</Filter>
    </None>
    <None Include="..\bin\res\glprogs\editor_grid.frag">
      <Filter>GLSL</Filter>
    </None>
    <None Include="..\bin\res\glprogs\editor_grid.vert">
      <Filter>GLSL</Filter>
    </None>
  </ItemGroup>
  <ItemGroup>
    <Image Include="..\res\bakery-shop.ico">
      <Filter>Файлы ресурсов</Filter>
    </Image>
  </ItemGroup>
</Project>