<?xml version="1.0" encoding="utf-8"?>
<Project ToolsVersion="4.0" xmlns="http://schemas.microsoft.com/developer/msbuild/2003">
  <ItemGroup>
    <Filter Include="Исходные файлы">
      <UniqueIdentifier>{4FC737F1-C7A5-4376-A066-2A32D752A2FF}</UniqueIdentifier>
      <Extensions>cpp;c;cc;cxx;c++;cppm;ixx;def;odl;idl;hpj;bat;asm;asmx</Extensions>
    </Filter>
    <Filter Include="Файлы ресурсов">
      <UniqueIdentifier>{67DA6AB6-F800-4c08-8B7A-83BB121AAD01}</UniqueIdentifier>
      <Extensions>rc;ico;cur;bmp;dlg;rc2;rct;bin;rgs;gif;jpg;jpeg;jpe;resx;tiff;tif;png;wav;mfcribbon-ms</Extensions>
    </Filter>
    <Filter Include="Исходные файлы\ImGUI">
      <UniqueIdentifier>{0067d927-be02-410d-9a42-7d58f5583508}</UniqueIdentifier>
    </Filter>
    <Filter Include="Исходные файлы\GLAD">
      <UniqueIdentifier>{3d599df9-3a49-403a-ad28-2b9a13fa5f5c}</UniqueIdentifier>
    </Filter>
    <Filter Include="Исходные файлы\ImGUIFileDialog">
      <UniqueIdentifier>{981dcac1-a9d0-47fe-b631-18714ca3df6c}</UniqueIdentifier>
    </Filter>
    <Filter Include="Исходные файлы\tiny-proccess-library">
      <UniqueIdentifier>{bba0812e-0c84-49d1-a57e-f6832ee12063}</UniqueIdentifier>
    </Filter>
  </ItemGroup>
  <ItemGroup>
    <ClCompile Include="win_main.cpp">
      <Filter>Исходные файлы</Filter>
    </ClCompile>
    <ClCompile Include="..\include\imgui\imgui.cpp">
      <Filter>Исходные файлы\ImGUI</Filter>
    </ClCompile>
    <ClCompile Include="..\include\imgui\imgui_draw.cpp">
      <Filter>Исходные файлы\ImGUI</Filter>
    </ClCompile>
    <ClCompile Include="..\include\imgui\imgui_tables.cpp">
      <Filter>Исходные файлы\ImGUI</Filter>
    </ClCompile>
    <ClCompile Include="..\include\imgui\imgui_widgets.cpp">
      <Filter>Исходные файлы\ImGUI</Filter>
    </ClCompile>
    <ClCompile Include="..\include\imgui\backends\imgui_impl_opengl3.cpp">
      <Filter>Исходные файлы\ImGUI</Filter>
    </ClCompile>
    <ClCompile Include="..\include\imgui\backends\imgui_impl_sdl.cpp">
      <Filter>Исходные файлы\ImGUI</Filter>
    </ClCompile>
    <ClCompile Include="..\lib\glad\glad.c">
      <Filter>Исходные файлы\GLAD</Filter>
    </ClCompile>
    <ClCompile Include="application.cpp">
      <Filter>Исходные файлы</Filter>
    </ClCompile>
    <ClCompile Include="main_window.cpp">
      <Filter>Исходные файлы</Filter>
    </ClCompile>
    <ClCompile Include="scene_renderer.cpp">
      <Filter>Исходные файлы</Filter>
    </ClCompile>
    <ClCompile Include="commands_registry.cpp">
      <Filter>Исходные файлы</Filter>
    </ClCompile>
    <ClCompile Include="file_system.cpp">
      <Filter>Исходные файлы</Filter>
    </ClCompile>
    <ClCompile Include="camera.cpp">
      <Filter>Исходные файлы</Filter>
    </ClCompile>
    <ClCompile Include="model_obj.cpp">
      <Filter>Исходные файлы</Filter>
    </ClCompile>
    <ClCompile Include="gl_texture.cpp">
      <Filter>Исходные файлы</Filter>
    </ClCompile>
    <ClCompile Include="..\include\ImGuiFileDialog\ImGuiFileDialog.cpp">
      <Filter>Исходные файлы\ImGUIFileDialog</Filter>
    </ClCompile>
    <ClCompile Include="stb_image_impl.cpp">
      <Filter>Исходные файлы</Filter>
    </ClCompile>
    <ClCompile Include="common_resources.cpp">
      <Filter>Исходные файлы</Filter>
    </ClCompile>
    <ClCompile Include="console.cpp">
      <Filter>Исходные файлы</Filter>
    </ClCompile>
    <ClCompile Include="..\include\tiny-process-library\process_win.cpp">
      <Filter>Исходные файлы\tiny-proccess-library</Filter>
    </ClCompile>
    <ClCompile Include="..\include\tiny-process-library\process.cpp">
      <Filter>Исходные файлы\tiny-proccess-library</Filter>
    </ClCompile>
  </ItemGroup>
  <ItemGroup>
    <ClInclude Include="common.h">
      <Filter>Исходные файлы</Filter>
    </ClInclude>
    <ClInclude Include="..\include\imgui\imconfig.h">
      <Filter>Исходные файлы\ImGUI</Filter>
    </ClInclude>
    <ClInclude Include="..\include\imgui\imgui.h">
      <Filter>Исходные файлы\ImGUI</Filter>
    </ClInclude>
    <ClInclude Include="..\include\imgui\imgui_internal.h">
      <Filter>Исходные файлы\ImGUI</Filter>
    </ClInclude>
    <ClInclude Include="..\include\imgui\imstb_rectpack.h">
      <Filter>Исходные файлы\ImGUI</Filter>
    </ClInclude>
    <ClInclude Include="..\include\imgui\imstb_textedit.h">
      <Filter>Исходные файлы\ImGUI</Filter>
    </ClInclude>
    <ClInclude Include="..\include\imgui\imstb_truetype.h">
      <Filter>Исходные файлы\ImGUI</Filter>
    </ClInclude>
    <ClInclude Include="ui_common.h">
      <Filter>Исходные файлы</Filter>
    </ClInclude>
    <ClInclude Include="..\lib\glad\glad.h">
      <Filter>Исходные файлы\GLAD</Filter>
    </ClInclude>
    <ClInclude Include="resource.h" />
    <ClInclude Include="application.h">
      <Filter>Исходные файлы</Filter>
    </ClInclude>
    <ClInclude Include="main_window.h">
      <Filter>Исходные файлы</Filter>
    </ClInclude>
    <ClInclude Include="scene_renderer.h">
      <Filter>Исходные файлы</Filter>
    </ClInclude>
    <ClInclude Include="commands_registry.h">
      <Filter>Исходные файлы</Filter>
    </ClInclude>
    <ClInclude Include="file_system.h">
      <Filter>Исходные файлы</Filter>
    </ClInclude>
    <ClInclude Include="camera.h">
      <Filter>Исходные файлы</Filter>
    </ClInclude>
    <ClInclude Include="event_handler.h">
      <Filter>Исходные файлы</Filter>
    </ClInclude>
    <ClInclude Include="model_obj.h">
      <Filter>Исходные файлы</Filter>
    </ClInclude>
    <ClInclude Include="gl_texture.h">
      <Filter>Исходные файлы</Filter>
    </ClInclude>
    <ClInclude Include="..\include\ImGuiFileDialog\ImGuiFileDialogConfig.h">
      <Filter>Исходные файлы\ImGUIFileDialog</Filter>
    </ClInclude>
    <ClInclude Include="..\include\ImGuiFileDialog\ImGuiFileDialog.h">
      <Filter>Исходные файлы\ImGUIFileDialog</Filter>
    </ClInclude>
    <ClInclude Include="lights.h" />
    <ClInclude Include="common_resources.h">
      <Filter>Исходные файлы</Filter>
    </ClInclude>
    <ClInclude Include="console.h">
      <Filter>Исходные файлы</Filter>
    </ClInclude>
    <ClInclude Include="..\include\tiny-process-library\process.hpp">
      <Filter>Исходные файлы\tiny-proccess-library</Filter>
    </ClInclude>
  </ItemGroup>
  <ItemGroup>
    <ResourceCompile Include="LightBakerFrontend.rc">
      <Filter>Файлы ресурсов</Filter>
    </ResourceCompile>
  </ItemGroup>
</Project>